// !$*UTF8*$!
{
	archiveVersion = 1;
	classes = {
	};
	objectVersion = 46;
	objects = {

/* Begin PBXBuildFile section */
		5A1102FB1D1CCC310077B0C6 /* YSTestViewController.m in Sources */ = {isa = PBXBuildFile; fileRef = 5A1102FA1D1CCC310077B0C6 /* YSTestViewController.m */; };
		5A1103041D1D0EA70077B0C6 /* UIView+YSKit.m in Sources */ = {isa = PBXBuildFile; fileRef = 5A1103031D1D0EA70077B0C6 /* UIView+YSKit.m */; };
		5A1103061D1D11040077B0C6 /* icon.jpg in Resources */ = {isa = PBXBuildFile; fileRef = 5A1103051D1D11040077B0C6 /* icon.jpg */; };
		5A864EF51D1BB50D00C41AC5 /* main.m in Sources */ = {isa = PBXBuildFile; fileRef = 5A864EF41D1BB50D00C41AC5 /* main.m */; };
		5A864EF81D1BB50D00C41AC5 /* AppDelegate.m in Sources */ = {isa = PBXBuildFile; fileRef = 5A864EF71D1BB50D00C41AC5 /* AppDelegate.m */; };
		5A864EFB1D1BB50D00C41AC5 /* ViewController.m in Sources */ = {isa = PBXBuildFile; fileRef = 5A864EFA1D1BB50D00C41AC5 /* ViewController.m */; };
		5A864EFE1D1BB50D00C41AC5 /* Main.storyboard in Resources */ = {isa = PBXBuildFile; fileRef = 5A864EFC1D1BB50D00C41AC5 /* Main.storyboard */; };
		5A864F001D1BB50D00C41AC5 /* Assets.xcassets in Resources */ = {isa = PBXBuildFile; fileRef = 5A864EFF1D1BB50D00C41AC5 /* Assets.xcassets */; };
		5A864F031D1BB50D00C41AC5 /* LaunchScreen.storyboard in Resources */ = {isa = PBXBuildFile; fileRef = 5A864F011D1BB50D00C41AC5 /* LaunchScreen.storyboard */; };
		5A864F111D1BB70000C41AC5 /* Drop1ViewController.m in Sources */ = {isa = PBXBuildFile; fileRef = 5A864F101D1BB70000C41AC5 /* Drop1ViewController.m */; };
		5A864F131D1BB89400C41AC5 /* background@2x.png in Resources */ = {isa = PBXBuildFile; fileRef = 5A864F121D1BB89400C41AC5 /* background@2x.png */; };
		5A864F191D1BC75700C41AC5 /* Drop2ViewController.m in Sources */ = {isa = PBXBuildFile; fileRef = 5A864F181D1BC75700C41AC5 /* Drop2ViewController.m */; };
		5A864F1C1D1BD4A500C41AC5 /* UINavigationBar+Transparent.m in Sources */ = {isa = PBXBuildFile; fileRef = 5A864F1B1D1BD4A500C41AC5 /* UINavigationBar+Transparent.m */; };
		5A864F1F1D1BD53300C41AC5 /* Drop3ViewController.m in Sources */ = {isa = PBXBuildFile; fileRef = 5A864F1E1D1BD53300C41AC5 /* Drop3ViewController.m */; };
		5A864F251D1BE27D00C41AC5 /* UIViewController+navigatinSetting.m in Sources */ = {isa = PBXBuildFile; fileRef = 5A864F241D1BE27D00C41AC5 /* UIViewController+navigatinSetting.m */; };
/* End PBXBuildFile section */

/* Begin PBXFileReference section */
		5A1102F91D1CCC310077B0C6 /* YSTestViewController.h */ = {isa = PBXFileReference; fileEncoding = 4; lastKnownFileType = sourcecode.c.h; path = YSTestViewController.h; sourceTree = "<group>"; };
		5A1102FA1D1CCC310077B0C6 /* YSTestViewController.m */ = {isa = PBXFileReference; fileEncoding = 4; lastKnownFileType = sourcecode.c.objc; path = YSTestViewController.m; sourceTree = "<group>"; };
		5A1103021D1D0EA70077B0C6 /* UIView+YSKit.h */ = {isa = PBXFileReference; fileEncoding = 4; lastKnownFileType = sourcecode.c.h; path = "UIView+YSKit.h"; sourceTree = "<group>"; };
		5A1103031D1D0EA70077B0C6 /* UIView+YSKit.m */ = {isa = PBXFileReference; fileEncoding = 4; lastKnownFileType = sourcecode.c.objc; path = "UIView+YSKit.m"; sourceTree = "<group>"; };
		5A1103051D1D11040077B0C6 /* icon.jpg */ = {isa = PBXFileReference; lastKnownFileType = image.jpeg; path = icon.jpg; sourceTree = "<group>"; };
		5A864EF01D1BB50D00C41AC5 /* YSDropdownMagnify.app */ = {isa = PBXFileReference; explicitFileType = wrapper.application; includeInIndex = 0; path = YSDropdownMagnify.app; sourceTree = BUILT_PRODUCTS_DIR; };
		5A864EF41D1BB50D00C41AC5 /* main.m */ = {isa = PBXFileReference; lastKnownFileType = sourcecode.c.objc; path = main.m; sourceTree = "<group>"; };
		5A864EF61D1BB50D00C41AC5 /* AppDelegate.h */ = {isa = PBXFileReference; lastKnownFileType = sourcecode.c.h; path = AppDelegate.h; sourceTree = "<group>"; };
		5A864EF71D1BB50D00C41AC5 /* AppDelegate.m */ = {isa = PBXFileReference; lastKnownFileType = sourcecode.c.objc; path = AppDelegate.m; sourceTree = "<group>"; };
		5A864EF91D1BB50D00C41AC5 /* ViewController.h */ = {isa = PBXFileReference; lastKnownFileType = sourcecode.c.h; path = ViewController.h; sourceTree = "<group>"; };
		5A864EFA1D1BB50D00C41AC5 /* ViewController.m */ = {isa = PBXFileReference; lastKnownFileType = sourcecode.c.objc; path = ViewController.m; sourceTree = "<group>"; };
		5A864EFD1D1BB50D00C41AC5 /* Base */ = {isa = PBXFileReference; lastKnownFileType = file.storyboard; name = Base; path = Base.lproj/Main.storyboard; sourceTree = "<group>"; };
		5A864EFF1D1BB50D00C41AC5 /* Assets.xcassets */ = {isa = PBXFileReference; lastKnownFileType = folder.assetcatalog; path = Assets.xcassets; sourceTree = "<group>"; };
		5A864F021D1BB50D00C41AC5 /* Base */ = {isa = PBXFileReference; lastKnownFileType = file.storyboard; name = Base; path = Base.lproj/LaunchScreen.storyboard; sourceTree = "<group>"; };
		5A864F041D1BB50D00C41AC5 /* Info.plist */ = {isa = PBXFileReference; lastKnownFileType = text.plist.xml; path = Info.plist; sourceTree = "<group>"; };
		5A864F0F1D1BB70000C41AC5 /* Drop1ViewController.h */ = {isa = PBXFileReference; fileEncoding = 4; lastKnownFileType = sourcecode.c.h; path = Drop1ViewController.h; sourceTree = "<group>"; };
		5A864F101D1BB70000C41AC5 /* Drop1ViewController.m */ = {isa = PBXFileReference; fileEncoding = 4; lastKnownFileType = sourcecode.c.objc; path = Drop1ViewController.m; sourceTree = "<group>"; };
		5A864F121D1BB89400C41AC5 /* background@2x.png */ = {isa = PBXFileReference; lastKnownFileType = image.png; path = "background@2x.png"; sourceTree = "<group>"; };
		5A864F171D1BC75700C41AC5 /* Drop2ViewController.h */ = {isa = PBXFileReference; fileEncoding = 4; lastKnownFileType = sourcecode.c.h; path = Drop2ViewController.h; sourceTree = "<group>"; };
		5A864F181D1BC75700C41AC5 /* Drop2ViewController.m */ = {isa = PBXFileReference; fileEncoding = 4; lastKnownFileType = sourcecode.c.objc; path = Drop2ViewController.m; sourceTree = "<group>"; };
		5A864F1A1D1BD4A500C41AC5 /* UINavigationBar+Transparent.h */ = {isa = PBXFileReference; fileEncoding = 4; lastKnownFileType = sourcecode.c.h; path = "UINavigationBar+Transparent.h"; sourceTree = "<group>"; };
		5A864F1B1D1BD4A500C41AC5 /* UINavigationBar+Transparent.m */ = {isa = PBXFileReference; fileEncoding = 4; lastKnownFileType = sourcecode.c.objc; path = "UINavigationBar+Transparent.m"; sourceTree = "<group>"; };
		5A864F1D1D1BD53300C41AC5 /* Drop3ViewController.h */ = {isa = PBXFileReference; fileEncoding = 4; lastKnownFileType = sourcecode.c.h; path = Drop3ViewController.h; sourceTree = "<group>"; };
		5A864F1E1D1BD53300C41AC5 /* Drop3ViewController.m */ = {isa = PBXFileReference; fileEncoding = 4; lastKnownFileType = sourcecode.c.objc; path = Drop3ViewController.m; sourceTree = "<group>"; };
		5A864F231D1BE27D00C41AC5 /* UIViewController+navigatinSetting.h */ = {isa = PBXFileReference; fileEncoding = 4; lastKnownFileType = sourcecode.c.h; path = "UIViewController+navigatinSetting.h"; sourceTree = "<group>"; };
		5A864F241D1BE27D00C41AC5 /* UIViewController+navigatinSetting.m */ = {isa = PBXFileReference; fileEncoding = 4; lastKnownFileType = sourcecode.c.objc; path = "UIViewController+navigatinSetting.m"; sourceTree = "<group>"; };
/* End PBXFileReference section */

/* Begin PBXFrameworksBuildPhase section */
		5A864EED1D1BB50D00C41AC5 /* Frameworks */ = {
			isa = PBXFrameworksBuildPhase;
			buildActionMask = 2147483647;
			files = (
			);
			runOnlyForDeploymentPostprocessing = 0;
		};
/* End PBXFrameworksBuildPhase section */

/* Begin PBXGroup section */
		5A864EE71D1BB50D00C41AC5 = {
			isa = PBXGroup;
			children = (
				5A864EF21D1BB50D00C41AC5 /* YSDropdownMagnify */,
				5A864EF11D1BB50D00C41AC5 /* Products */,
			);
			sourceTree = "<group>";
		};
		5A864EF11D1BB50D00C41AC5 /* Products */ = {
			isa = PBXGroup;
			children = (
				5A864EF01D1BB50D00C41AC5 /* YSDropdownMagnify.app */,
			);
			name = Products;
			sourceTree = "<group>";
		};
		5A864EF21D1BB50D00C41AC5 /* YSDropdownMagnify */ = {
			isa = PBXGroup;
			children = (
				5A864F0D1D1BB70000C41AC5 /* Category */,
				5A864F0E1D1BB70000C41AC5 /* Controller */,
				5A864EF61D1BB50D00C41AC5 /* AppDelegate.h */,
				5A864EF71D1BB50D00C41AC5 /* AppDelegate.m */,
				5A864EF91D1BB50D00C41AC5 /* ViewController.h */,
				5A864EFA1D1BB50D00C41AC5 /* ViewController.m */,
				5A1102F91D1CCC310077B0C6 /* YSTestViewController.h */,
				5A1102FA1D1CCC310077B0C6 /* YSTestViewController.m */,
				5A864EFC1D1BB50D00C41AC5 /* Main.storyboard */,
				5A864F121D1BB89400C41AC5 /* background@2x.png */,
				5A1103051D1D11040077B0C6 /* icon.jpg */,
				5A864EFF1D1BB50D00C41AC5 /* Assets.xcassets */,
				5A864F011D1BB50D00C41AC5 /* LaunchScreen.storyboard */,
				5A864F041D1BB50D00C41AC5 /* Info.plist */,
				5A864EF31D1BB50D00C41AC5 /* Supporting Files */,
			);
			path = YSDropdownMagnify;
			sourceTree = "<group>";
		};
		5A864EF31D1BB50D00C41AC5 /* Supporting Files */ = {
			isa = PBXGroup;
			children = (
				5A864EF41D1BB50D00C41AC5 /* main.m */,
			);
			name = "Supporting Files";
			sourceTree = "<group>";
		};
		5A864F0D1D1BB70000C41AC5 /* Category */ = {
			isa = PBXGroup;
			children = (
				5A864F1A1D1BD4A500C41AC5 /* UINavigationBar+Transparent.h */,
				5A864F1B1D1BD4A500C41AC5 /* UINavigationBar+Transparent.m */,
				5A864F231D1BE27D00C41AC5 /* UIViewController+navigatinSetting.h */,
				5A864F241D1BE27D00C41AC5 /* UIViewController+navigatinSetting.m */,
				5A1103021D1D0EA70077B0C6 /* UIView+YSKit.h */,
				5A1103031D1D0EA70077B0C6 /* UIView+YSKit.m */,
			);
			path = Category;
			sourceTree = "<group>";
		};
		5A864F0E1D1BB70000C41AC5 /* Controller */ = {
			isa = PBXGroup;
			children = (
				5A864F0F1D1BB70000C41AC5 /* Drop1ViewController.h */,
				5A864F101D1BB70000C41AC5 /* Drop1ViewController.m */,
				5A864F171D1BC75700C41AC5 /* Drop2ViewController.h */,
				5A864F181D1BC75700C41AC5 /* Drop2ViewController.m */,
				5A864F1D1D1BD53300C41AC5 /* Drop3ViewController.h */,
				5A864F1E1D1BD53300C41AC5 /* Drop3ViewController.m */,
			);
			path = Controller;
			sourceTree = "<group>";
		};
/* End PBXGroup section */

/* Begin PBXNativeTarget section */
		5A864EEF1D1BB50D00C41AC5 /* YSDropdownMagnify */ = {
			isa = PBXNativeTarget;
			buildConfigurationList = 5A864F071D1BB50D00C41AC5 /* Build configuration list for PBXNativeTarget "YSDropdownMagnify" */;
			buildPhases = (
				5A864EEC1D1BB50D00C41AC5 /* Sources */,
				5A864EED1D1BB50D00C41AC5 /* Frameworks */,
				5A864EEE1D1BB50D00C41AC5 /* Resources */,
			);
			buildRules = (
			);
			dependencies = (
			);
			name = YSDropdownMagnify;
			productName = YSDropdownMagnify;
			productReference = 5A864EF01D1BB50D00C41AC5 /* YSDropdownMagnify.app */;
			productType = "com.apple.product-type.application";
		};
/* End PBXNativeTarget section */

/* Begin PBXProject section */
		5A864EE81D1BB50D00C41AC5 /* Project object */ = {
			isa = PBXProject;
			attributes = {
				LastUpgradeCheck = 0730;
				ORGANIZATIONNAME = jiangys;
				TargetAttributes = {
					5A864EEF1D1BB50D00C41AC5 = {
						CreatedOnToolsVersion = 7.3;
					};
				};
			};
			buildConfigurationList = 5A864EEB1D1BB50D00C41AC5 /* Build configuration list for PBXProject "YSDropdownMagnify" */;
			compatibilityVersion = "Xcode 3.2";
			developmentRegion = English;
			hasScannedForEncodings = 0;
			knownRegions = (
				en,
				Base,
			);
			mainGroup = 5A864EE71D1BB50D00C41AC5;
			productRefGroup = 5A864EF11D1BB50D00C41AC5 /* Products */;
			projectDirPath = "";
			projectRoot = "";
			targets = (
				5A864EEF1D1BB50D00C41AC5 /* YSDropdownMagnify */,
			);
		};
/* End PBXProject section */

/* Begin PBXResourcesBuildPhase section */
		5A864EEE1D1BB50D00C41AC5 /* Resources */ = {
			isa = PBXResourcesBuildPhase;
			buildActionMask = 2147483647;
			files = (
				5A864F031D1BB50D00C41AC5 /* LaunchScreen.storyboard in Resources */,
				5A1103061D1D11040077B0C6 /* icon.jpg in Resources */,
				5A864F001D1BB50D00C41AC5 /* Assets.xcassets in Resources */,
				5A864F131D1BB89400C41AC5 /* background@2x.png in Resources */,
				5A864EFE1D1BB50D00C41AC5 /* Main.storyboard in Resources */,
			);
			runOnlyForDeploymentPostprocessing = 0;
		};
/* End PBXResourcesBuildPhase section */

/* Begin PBXSourcesBuildPhase section */
		5A864EEC1D1BB50D00C41AC5 /* Sources */ = {
			isa = PBXSourcesBuildPhase;
			buildActionMask = 2147483647;
			files = (
				5A864F191D1BC75700C41AC5 /* Drop2ViewController.m in Sources */,
				5A864EFB1D1BB50D00C41AC5 /* ViewController.m in Sources */,
				5A864F1F1D1BD53300C41AC5 /* Drop3ViewController.m in Sources */,
				5A1103041D1D0EA70077B0C6 /* UIView+YSKit.m in Sources */,
				5A864F1C1D1BD4A500C41AC5 /* UINavigationBar+Transparent.m in Sources */,
				5A864F111D1BB70000C41AC5 /* Drop1ViewController.m in Sources */,
				5A864F251D1BE27D00C41AC5 /* UIViewController+navigatinSetting.m in Sources */,
				5A864EF81D1BB50D00C41AC5 /* AppDelegate.m in Sources */,
				5A1102FB1D1CCC310077B0C6 /* YSTestViewController.m in Sources */,
				5A864EF51D1BB50D00C41AC5 /* main.m in Sources */,
			);
			runOnlyForDeploymentPostprocessing = 0;
		};
/* End PBXSourcesBuildPhase section */

/* Begin PBXVariantGroup section */
		5A864EFC1D1BB50D00C41AC5 /* Main.storyboard */ = {
			isa = PBXVariantGroup;
			children = (
				5A864EFD1D1BB50D00C41AC5 /* Base */,
			);
			name = Main.storyboard;
			sourceTree = "<group>";
		};
		5A864F011D1BB50D00C41AC5 /* LaunchScreen.storyboard */ = {
			isa = PBXVariantGroup;
			children = (
				5A864F021D1BB50D00C41AC5 /* Base */,
			);
			name = LaunchScreen.storyboard;
			sourceTree = "<group>";
		};
/* End PBXVariantGroup section */

/* Begin XCBuildConfiguration section */
		5A864F051D1BB50D00C41AC5 /* Debug */ = {
			isa = XCBuildConfiguration;
			buildSettings = {
				ALWAYS_SEARCH_USER_PATHS = NO;
				CLANG_ANALYZER_NONNULL = YES;
				CLANG_CXX_LANGUAGE_STANDARD = "gnu++0x";
				CLANG_CXX_LIBRARY = "libc++";
				CLANG_ENABLE_MODULES = YES;
				CLANG_ENABLE_OBJC_ARC = YES;
				CLANG_WARN_BOOL_CONVERSION = YES;
				CLANG_WARN_CONSTANT_CONVERSION = YES;
				CLANG_WARN_DIRECT_OBJC_ISA_USAGE = YES_ERROR;
				CLANG_WARN_EMPTY_BODY = YES;
				CLANG_WARN_ENUM_CONVERSION = YES;
				CLANG_WARN_INT_CONVERSION = YES;
				CLANG_WARN_OBJC_ROOT_CLASS = YES_ERROR;
				CLANG_WARN_UNREACHABLE_CODE = YES;
				CLANG_WARN__DUPLICATE_METHOD_MATCH = YES;
				"CODE_SIGN_IDENTITY[sdk=iphoneos*]" = "iPhone Developer";
				COPY_PHASE_STRIP = NO;
				DEBUG_INFORMATION_FORMAT = dwarf;
				ENABLE_STRICT_OBJC_MSGSEND = YES;
				ENABLE_TESTABILITY = YES;
				GCC_C_LANGUAGE_STANDARD = gnu99;
				GCC_DYNAMIC_NO_PIC = NO;
				GCC_NO_COMMON_BLOCKS = YES;
				GCC_OPTIMIZATION_LEVEL = 0;
				GCC_PREPROCESSOR_DEFINITIONS = (
					"DEBUG=1",
					"$(inherited)",
				);
				GCC_WARN_64_TO_32_BIT_CONVERSION = YES;
				GCC_WARN_ABOUT_RETURN_TYPE = YES_ERROR;
				GCC_WARN_UNDECLARED_SELECTOR = YES;
				GCC_WARN_UNINITIALIZED_AUTOS = YES_AGGRESSIVE;
				GCC_WARN_UNUSED_FUNCTION = YES;
				GCC_WARN_UNUSED_VARIABLE = YES;
				IPHONEOS_DEPLOYMENT_TARGET = 9.3;
				MTL_ENABLE_DEBUG_INFO = YES;
				ONLY_ACTIVE_ARCH = YES;
				SDKROOT = iphoneos;
				TARGETED_DEVICE_FAMILY = "1,2";
			};
			name = Debug;
		};
		5A864F061D1BB50D00C41AC5 /* Release */ = {
			isa = XCBuildConfiguration;
			buildSettings = {
				ALWAYS_SEARCH_USER_PATHS = NO;
				CLANG_ANALYZER_NONNULL = YES;
				CLANG_CXX_LANGUAGE_STANDARD = "gnu++0x";
				CLANG_CXX_LIBRARY = "libc++";
				CLANG_ENABLE_MODULES = YES;
				CLANG_ENABLE_OBJC_ARC = YES;
				CLANG_WARN_BOOL_CONVERSION = YES;
				CLANG_WARN_CONSTANT_CONVERSION = YES;
				CLANG_WARN_DIRECT_OBJC_ISA_USAGE = YES_ERROR;
				CLANG_WARN_EMPTY_BODY = YES;
				CLANG_WARN_ENUM_CONVERSION = YES;
				CLANG_WARN_INT_CONVERSION = YES;
				CLANG_WARN_OBJC_ROOT_CLASS = YES_ERROR;
				CLANG_WARN_UNREACHABLE_CODE = YES;
				CLANG_WARN__DUPLICATE_METHOD_MATCH = YES;
				"CODE_SIGN_IDENTITY[sdk=iphoneos*]" = "iPhone Developer";
				COPY_PHASE_STRIP = NO;
				DEBUG_INFORMATION_FORMAT = "dwarf-with-dsym";
				ENABLE_NS_ASSERTIONS = NO;
				ENABLE_STRICT_OBJC_MSGSEND = YES;
				GCC_C_LANGUAGE_STANDARD = gnu99;
				GCC_NO_COMMON_BLOCKS = YES;
				GCC_WARN_64_TO_32_BIT_CONVERSION = YES;
				GCC_WARN_ABOUT_RETURN_TYPE = YES_ERROR;
				GCC_WARN_UNDECLARED_SELECTOR = YES;
				GCC_WARN_UNINITIALIZED_AUTOS = YES_AGGRESSIVE;
				GCC_WARN_UNUSED_FUNCTION = YES;
				GCC_WARN_UNUSED_VARIABLE = YES;
				IPHONEOS_DEPLOYMENT_TARGET = 9.3;
				MTL_ENABLE_DEBUG_INFO = NO;
				SDKROOT = iphoneos;
				TARGETED_DEVICE_FAMILY = "1,2";
				VALIDATE_PRODUCT = YES;
			};
			name = Release;
		};
		5A864F081D1BB50D00C41AC5 /* Debug */ = {
			isa = XCBuildConfiguration;
			buildSettings = {
				ASSETCATALOG_COMPILER_APPICON_NAME = AppIcon;
				INFOPLIST_FILE = YSDropdownMagnify/Info.plist;
				IPHONEOS_DEPLOYMENT_TARGET = 7.1;
				LD_RUNPATH_SEARCH_PATHS = "$(inherited) @executable_path/Frameworks";
				PRODUCT_BUNDLE_IDENTIFIER = com.jiangys.YSDropdownMagnify;
				PRODUCT_NAME = "$(TARGET_NAME)";
			};
			name = Debug;
		};
		5A864F091D1BB50D00C41AC5 /* Release */ = {
			isa = XCBuildConfiguration;
			buildSettings = {
				ASSETCATALOG_COMPILER_APPICON_NAME = AppIcon;
				INFOPLIST_FILE = YSDropdownMagnify/Info.plist;
				IPHONEOS_DEPLOYMENT_TARGET = 7.1;
				LD_RUNPATH_SEARCH_PATHS = "$(inherited) @executable_path/Frameworks";
				PRODUCT_BUNDLE_IDENTIFIER = com.jiangys.YSDropdownMagnify;
				PRODUCT_NAME = "$(TARGET_NAME)";
			};
			name = Release;
		};
/* End XCBuildConfiguration section */

/* Begin XCConfigurationList section */
		5A864EEB1D1BB50D00C41AC5 /* Build configuration list for PBXProject "YSDropdownMagnify" */ = {
			isa = XCConfigurationList;
			buildConfigurations = (
				5A864F051D1BB50D00C41AC5 /* Debug */,
				5A864F061D1BB50D00C41AC5 /* Release */,
			);
			defaultConfigurationIsVisible = 0;
			defaultConfigurationName = Release;
		};
		5A864F071D1BB50D00C41AC5 /* Build configuration list for PBXNativeTarget "YSDropdownMagnify" */ = {
			isa = XCConfigurationList;
			buildConfigurations = (
				5A864F081D1BB50D00C41AC5 /* Debug */,
				5A864F091D1BB50D00C41AC5 /* Release */,
			);
			defaultConfigurationIsVisible = 0;
			defaultConfigurationName = Release;
		};
/* End XCConfigurationList section */
	};
	rootObject = 5A864EE81D1BB50D00C41AC5 /* Project object */;
}
